// !$*UTF8*$!
{
	archiveVersion = 1;
	classes = {
	};
	objectVersion = 50;
	objects = {

/* Begin PBXBuildFile section */
		E67C0E05249CA25600C713AF /* RxCoreNFCTests.swift in Sources */ = {isa = PBXBuildFile; fileRef = E67C0E03249CA25600C713AF /* RxCoreNFCTests.swift */; };
		E6A2A5F0249CA89600282503 /* RxCoreNFC.h in Headers */ = {isa = PBXBuildFile; fileRef = E6A2A5EF249CA89600282503 /* RxCoreNFC.h */; settings = {ATTRIBUTES = (Public, ); }; };
		E6A2A5F3249CD9D800282503 /* RxSwift.framework in Frameworks */ = {isa = PBXBuildFile; fileRef = E6A2A5F2249CD9D800282503 /* RxSwift.framework */; };
		E6A2A5F7249CDA5400282503 /* RxCocoa.framework in Frameworks */ = {isa = PBXBuildFile; fileRef = E6A2A5F6249CDA5400282503 /* RxCocoa.framework */; };
		E6A2A60E24A377A300282503 /* RxNFCTagReaderSessionEvent.swift in Sources */ = {isa = PBXBuildFile; fileRef = E6A2A60B24A377A300282503 /* RxNFCTagReaderSessionEvent.swift */; };
		E6A2A60F24A377A300282503 /* RxNFCTagReaderSessionDelegateProxy.swift in Sources */ = {isa = PBXBuildFile; fileRef = E6A2A60C24A377A300282503 /* RxNFCTagReaderSessionDelegateProxy.swift */; };
		E6A2A61024A377A300282503 /* RxNFCTagReaderSession.swift in Sources */ = {isa = PBXBuildFile; fileRef = E6A2A60D24A377A300282503 /* RxNFCTagReaderSession.swift */; };
		E6A2A61224A42BF400282503 /* NFCTagReaderSession+Rx.swift in Sources */ = {isa = PBXBuildFile; fileRef = E6A2A61124A42BF400282503 /* NFCTagReaderSession+Rx.swift */; };
		E6A2A61424A6271000282503 /* NFCFeliCaTag+Rx.swift in Sources */ = {isa = PBXBuildFile; fileRef = E6A2A61324A6271000282503 /* NFCFeliCaTag+Rx.swift */; };
		E6A2A61624A6275500282503 /* NFCISO7816Tag+Rx.swift in Sources */ = {isa = PBXBuildFile; fileRef = E6A2A61524A6275500282503 /* NFCISO7816Tag+Rx.swift */; };
		E6A2A61824A62CDC00282503 /* NFCISO15693Tag+Rx.swift in Sources */ = {isa = PBXBuildFile; fileRef = E6A2A61724A62CDC00282503 /* NFCISO15693Tag+Rx.swift */; };
		E6A2A61A24A62D5400282503 /* RxNFCReaderError.swift in Sources */ = {isa = PBXBuildFile; fileRef = E6A2A61924A62D5400282503 /* RxNFCReaderError.swift */; };
		E6A2A61C24A631B400282503 /* NFCMiFareTag+Rx.swift in Sources */ = {isa = PBXBuildFile; fileRef = E6A2A61B24A631B400282503 /* NFCMiFareTag+Rx.swift */; };
		E6A2A61F24A7878000282503 /* NFCTag+Rx.swift in Sources */ = {isa = PBXBuildFile; fileRef = E6A2A61E24A7878000282503 /* NFCTag+Rx.swift */; };
		E6A2A62324AB4E9F00282503 /* RxNFCTagReaderSession+Rx.swift in Sources */ = {isa = PBXBuildFile; fileRef = E6A2A62224AB4E9F00282503 /* RxNFCTagReaderSession+Rx.swift */; };
		E6BF06EC249C9D82007E84D3 /* RxCoreNFC.framework in Frameworks */ = {isa = PBXBuildFile; fileRef = E6BF06E2249C9D82007E84D3 /* RxCoreNFC.framework */; };
/* End PBXBuildFile section */

/* Begin PBXContainerItemProxy section */
		E6BF06ED249C9D82007E84D3 /* PBXContainerItemProxy */ = {
			isa = PBXContainerItemProxy;
			containerPortal = E6BF06D9249C9D82007E84D3 /* Project object */;
			proxyType = 1;
			remoteGlobalIDString = E6BF06E1249C9D82007E84D3;
			remoteInfo = RxCoreNFC;
		};
/* End PBXContainerItemProxy section */

/* Begin PBXFileReference section */
		E67C0DFF249CA1F300C713AF /* Info.plist */ = {isa = PBXFileReference; fileEncoding = 4; lastKnownFileType = text.plist.xml; path = Info.plist; sourceTree = "<group>"; };
		E67C0E03249CA25600C713AF /* RxCoreNFCTests.swift */ = {isa = PBXFileReference; fileEncoding = 4; lastKnownFileType = sourcecode.swift; path = RxCoreNFCTests.swift; sourceTree = "<group>"; };
		E67C0E04249CA25600C713AF /* Info.plist */ = {isa = PBXFileReference; fileEncoding = 4; lastKnownFileType = text.plist.xml; path = Info.plist; sourceTree = "<group>"; };
		E6A2A5EF249CA89600282503 /* RxCoreNFC.h */ = {isa = PBXFileReference; fileEncoding = 4; lastKnownFileType = sourcecode.c.h; path = RxCoreNFC.h; sourceTree = "<group>"; };
		E6A2A5F2249CD9D800282503 /* RxSwift.framework */ = {isa = PBXFileReference; lastKnownFileType = wrapper.framework; name = RxSwift.framework; path = Carthage/Build/iOS/RxSwift.framework; sourceTree = "<group>"; };
		E6A2A5F6249CDA5400282503 /* RxCocoa.framework */ = {isa = PBXFileReference; lastKnownFileType = wrapper.framework; name = RxCocoa.framework; path = Carthage/Build/iOS/RxCocoa.framework; sourceTree = "<group>"; };
		E6A2A60B24A377A300282503 /* RxNFCTagReaderSessionEvent.swift */ = {isa = PBXFileReference; fileEncoding = 4; lastKnownFileType = sourcecode.swift; path = RxNFCTagReaderSessionEvent.swift; sourceTree = "<group>"; };
		E6A2A60C24A377A300282503 /* RxNFCTagReaderSessionDelegateProxy.swift */ = {isa = PBXFileReference; fileEncoding = 4; lastKnownFileType = sourcecode.swift; path = RxNFCTagReaderSessionDelegateProxy.swift; sourceTree = "<group>"; };
		E6A2A60D24A377A300282503 /* RxNFCTagReaderSession.swift */ = {isa = PBXFileReference; fileEncoding = 4; lastKnownFileType = sourcecode.swift; path = RxNFCTagReaderSession.swift; sourceTree = "<group>"; };
		E6A2A61124A42BF400282503 /* NFCTagReaderSession+Rx.swift */ = {isa = PBXFileReference; lastKnownFileType = sourcecode.swift; path = "NFCTagReaderSession+Rx.swift"; sourceTree = "<group>"; };
		E6A2A61324A6271000282503 /* NFCFeliCaTag+Rx.swift */ = {isa = PBXFileReference; lastKnownFileType = sourcecode.swift; path = "NFCFeliCaTag+Rx.swift"; sourceTree = "<group>"; };
		E6A2A61524A6275500282503 /* NFCISO7816Tag+Rx.swift */ = {isa = PBXFileReference; lastKnownFileType = sourcecode.swift; path = "NFCISO7816Tag+Rx.swift"; sourceTree = "<group>"; };
		E6A2A61724A62CDC00282503 /* NFCISO15693Tag+Rx.swift */ = {isa = PBXFileReference; lastKnownFileType = sourcecode.swift; path = "NFCISO15693Tag+Rx.swift"; sourceTree = "<group>"; };
		E6A2A61924A62D5400282503 /* RxNFCReaderError.swift */ = {isa = PBXFileReference; lastKnownFileType = sourcecode.swift; path = RxNFCReaderError.swift; sourceTree = "<group>"; };
		E6A2A61B24A631B400282503 /* NFCMiFareTag+Rx.swift */ = {isa = PBXFileReference; lastKnownFileType = sourcecode.swift; path = "NFCMiFareTag+Rx.swift"; sourceTree = "<group>"; };
		E6A2A61E24A7878000282503 /* NFCTag+Rx.swift */ = {isa = PBXFileReference; lastKnownFileType = sourcecode.swift; path = "NFCTag+Rx.swift"; sourceTree = "<group>"; };
		E6A2A62224AB4E9F00282503 /* RxNFCTagReaderSession+Rx.swift */ = {isa = PBXFileReference; lastKnownFileType = sourcecode.swift; path = "RxNFCTagReaderSession+Rx.swift"; sourceTree = "<group>"; };
		E6BF06E2249C9D82007E84D3 /* RxCoreNFC.framework */ = {isa = PBXFileReference; explicitFileType = wrapper.framework; includeInIndex = 0; path = RxCoreNFC.framework; sourceTree = BUILT_PRODUCTS_DIR; };
		E6BF06EB249C9D82007E84D3 /* RxCoreNFCTests.xctest */ = {isa = PBXFileReference; explicitFileType = wrapper.cfbundle; includeInIndex = 0; path = RxCoreNFCTests.xctest; sourceTree = BUILT_PRODUCTS_DIR; };
/* End PBXFileReference section */

/* Begin PBXFrameworksBuildPhase section */
		E6BF06DF249C9D82007E84D3 /* Frameworks */ = {
			isa = PBXFrameworksBuildPhase;
			buildActionMask = 2147483647;
			files = (
				E6A2A5F7249CDA5400282503 /* RxCocoa.framework in Frameworks */,
				E6A2A5F3249CD9D800282503 /* RxSwift.framework in Frameworks */,
			);
			runOnlyForDeploymentPostprocessing = 0;
		};
		E6BF06E8249C9D82007E84D3 /* Frameworks */ = {
			isa = PBXFrameworksBuildPhase;
			buildActionMask = 2147483647;
			files = (
				E6BF06EC249C9D82007E84D3 /* RxCoreNFC.framework in Frameworks */,
			);
			runOnlyForDeploymentPostprocessing = 0;
		};
/* End PBXFrameworksBuildPhase section */

/* Begin PBXGroup section */
		E615918B249CA53B00E07113 /* Supporting Files */ = {
			isa = PBXGroup;
			children = (
				E67C0DFF249CA1F300C713AF /* Info.plist */,
			);
			name = "Supporting Files";
			sourceTree = "<group>";
		};
		E615918C249CA56300E07113 /* Supporting Files */ = {
			isa = PBXGroup;
			children = (
				E67C0E04249CA25600C713AF /* Info.plist */,
			);
			name = "Supporting Files";
			sourceTree = "<group>";
		};
		E67C0DFD249CA1F200C713AF /* RxCoreNFC */ = {
			isa = PBXGroup;
			children = (
				E6A2A61D24A632F800282503 /* Common */,
				E6A2A60424A21B0E00282503 /* NFCTagReader */,
				E615918B249CA53B00E07113 /* Supporting Files */,
				E6A2A5EF249CA89600282503 /* RxCoreNFC.h */,
			);
			name = RxCoreNFC;
			path = Sources;
			sourceTree = "<group>";
		};
		E67C0E02249CA25600C713AF /* RxCoreNFCTests */ = {
			isa = PBXGroup;
			children = (
				E67C0E03249CA25600C713AF /* RxCoreNFCTests.swift */,
				E615918C249CA56300E07113 /* Supporting Files */,
			);
			name = RxCoreNFCTests;
			path = Tests/RxCoreNFCTests;
			sourceTree = "<group>";
		};
		E6A2A5F1249CD9D800282503 /* Frameworks */ = {
			isa = PBXGroup;
			children = (
				E6A2A5F6249CDA5400282503 /* RxCocoa.framework */,
				E6A2A5F2249CD9D800282503 /* RxSwift.framework */,
			);
			name = Frameworks;
			sourceTree = "<group>";
		};
		E6A2A60424A21B0E00282503 /* NFCTagReader */ = {
			isa = PBXGroup;
			children = (
				E6A2A60D24A377A300282503 /* RxNFCTagReaderSession.swift */,
				E6A2A62224AB4E9F00282503 /* RxNFCTagReaderSession+Rx.swift */,
				E6A2A60C24A377A300282503 /* RxNFCTagReaderSessionDelegateProxy.swift */,
				E6A2A60B24A377A300282503 /* RxNFCTagReaderSessionEvent.swift */,
				E6A2A61124A42BF400282503 /* NFCTagReaderSession+Rx.swift */,
				E6A2A61E24A7878000282503 /* NFCTag+Rx.swift */,
				E6A2A61324A6271000282503 /* NFCFeliCaTag+Rx.swift */,
				E6A2A61524A6275500282503 /* NFCISO7816Tag+Rx.swift */,
				E6A2A61724A62CDC00282503 /* NFCISO15693Tag+Rx.swift */,
				E6A2A61B24A631B400282503 /* NFCMiFareTag+Rx.swift */,
			);
			path = NFCTagReader;
			sourceTree = "<group>";
		};
		E6A2A61D24A632F800282503 /* Common */ = {
			isa = PBXGroup;
			children = (
				E6A2A61924A62D5400282503 /* RxNFCReaderError.swift */,
			);
			path = Common;
			sourceTree = "<group>";
		};
		E6BF06D8249C9D82007E84D3 = {
			isa = PBXGroup;
			children = (
				E67C0DFD249CA1F200C713AF /* RxCoreNFC */,
				E67C0E02249CA25600C713AF /* RxCoreNFCTests */,
				E6BF06E3249C9D82007E84D3 /* Products */,
				E6A2A5F1249CD9D800282503 /* Frameworks */,
			);
			sourceTree = "<group>";
		};
		E6BF06E3249C9D82007E84D3 /* Products */ = {
			isa = PBXGroup;
			children = (
				E6BF06E2249C9D82007E84D3 /* RxCoreNFC.framework */,
				E6BF06EB249C9D82007E84D3 /* RxCoreNFCTests.xctest */,
			);
			name = Products;
			sourceTree = "<group>";
		};
/* End PBXGroup section */

/* Begin PBXHeadersBuildPhase section */
		E6BF06DD249C9D82007E84D3 /* Headers */ = {
			isa = PBXHeadersBuildPhase;
			buildActionMask = 2147483647;
			files = (
				E6A2A5F0249CA89600282503 /* RxCoreNFC.h in Headers */,
			);
			runOnlyForDeploymentPostprocessing = 0;
		};
/* End PBXHeadersBuildPhase section */

/* Begin PBXNativeTarget section */
		E6BF06E1249C9D82007E84D3 /* RxCoreNFC */ = {
			isa = PBXNativeTarget;
			buildConfigurationList = E6BF06F6249C9D82007E84D3 /* Build configuration list for PBXNativeTarget "RxCoreNFC" */;
			buildPhases = (
				E6BF06DD249C9D82007E84D3 /* Headers */,
				E6BF06DE249C9D82007E84D3 /* Sources */,
				E6BF06DF249C9D82007E84D3 /* Frameworks */,
				E6BF06E0249C9D82007E84D3 /* Resources */,
			);
			buildRules = (
			);
			dependencies = (
			);
			name = RxCoreNFC;
			productName = RxCoreNFC;
			productReference = E6BF06E2249C9D82007E84D3 /* RxCoreNFC.framework */;
			productType = "com.apple.product-type.framework";
		};
		E6BF06EA249C9D82007E84D3 /* RxCoreNFCTests */ = {
			isa = PBXNativeTarget;
			buildConfigurationList = E6BF06F9249C9D82007E84D3 /* Build configuration list for PBXNativeTarget "RxCoreNFCTests" */;
			buildPhases = (
				E6BF06E7249C9D82007E84D3 /* Sources */,
				E6BF06E8249C9D82007E84D3 /* Frameworks */,
				E6BF06E9249C9D82007E84D3 /* Resources */,
			);
			buildRules = (
			);
			dependencies = (
				E6BF06EE249C9D82007E84D3 /* PBXTargetDependency */,
			);
			name = RxCoreNFCTests;
			productName = RxCoreNFCTests;
			productReference = E6BF06EB249C9D82007E84D3 /* RxCoreNFCTests.xctest */;
			productType = "com.apple.product-type.bundle.unit-test";
		};
/* End PBXNativeTarget section */

/* Begin PBXProject section */
		E6BF06D9249C9D82007E84D3 /* Project object */ = {
			isa = PBXProject;
			attributes = {
				LastSwiftUpdateCheck = 1150;
				LastUpgradeCheck = 1150;
				ORGANIZATIONNAME = Karibash;
				TargetAttributes = {
					E6BF06E1249C9D82007E84D3 = {
						CreatedOnToolsVersion = 11.5;
						LastSwiftMigration = 1150;
					};
					E6BF06EA249C9D82007E84D3 = {
						CreatedOnToolsVersion = 11.5;
					};
				};
			};
			buildConfigurationList = E6BF06DC249C9D82007E84D3 /* Build configuration list for PBXProject "RxCoreNFC" */;
			compatibilityVersion = "Xcode 9.3";
			developmentRegion = en;
			hasScannedForEncodings = 0;
			knownRegions = (
				en,
				Base,
			);
			mainGroup = E6BF06D8249C9D82007E84D3;
			productRefGroup = E6BF06E3249C9D82007E84D3 /* Products */;
			projectDirPath = "";
			projectRoot = "";
			targets = (
				E6BF06E1249C9D82007E84D3 /* RxCoreNFC */,
				E6BF06EA249C9D82007E84D3 /* RxCoreNFCTests */,
			);
		};
/* End PBXProject section */

/* Begin PBXResourcesBuildPhase section */
		E6BF06E0249C9D82007E84D3 /* Resources */ = {
			isa = PBXResourcesBuildPhase;
			buildActionMask = 2147483647;
			files = (
			);
			runOnlyForDeploymentPostprocessing = 0;
		};
		E6BF06E9249C9D82007E84D3 /* Resources */ = {
			isa = PBXResourcesBuildPhase;
			buildActionMask = 2147483647;
			files = (
			);
			runOnlyForDeploymentPostprocessing = 0;
		};
/* End PBXResourcesBuildPhase section */

/* Begin PBXSourcesBuildPhase section */
		E6BF06DE249C9D82007E84D3 /* Sources */ = {
			isa = PBXSourcesBuildPhase;
			buildActionMask = 2147483647;
			files = (
				E6A2A62324AB4E9F00282503 /* RxNFCTagReaderSession+Rx.swift in Sources */,
				E6A2A61824A62CDC00282503 /* NFCISO15693Tag+Rx.swift in Sources */,
				E6A2A61424A6271000282503 /* NFCFeliCaTag+Rx.swift in Sources */,
				E6A2A61F24A7878000282503 /* NFCTag+Rx.swift in Sources */,
				E6A2A61024A377A300282503 /* RxNFCTagReaderSession.swift in Sources */,
				E6A2A60F24A377A300282503 /* RxNFCTagReaderSessionDelegateProxy.swift in Sources */,
				E6A2A61224A42BF400282503 /* NFCTagReaderSession+Rx.swift in Sources */,
				E6A2A61C24A631B400282503 /* NFCMiFareTag+Rx.swift in Sources */,
				E6A2A61624A6275500282503 /* NFCISO7816Tag+Rx.swift in Sources */,
				E6A2A60E24A377A300282503 /* RxNFCTagReaderSessionEvent.swift in Sources */,
				E6A2A61A24A62D5400282503 /* RxNFCReaderError.swift in Sources */,
			);
			runOnlyForDeploymentPostprocessing = 0;
		};
		E6BF06E7249C9D82007E84D3 /* Sources */ = {
			isa = PBXSourcesBuildPhase;
			buildActionMask = 2147483647;
			files = (
				E67C0E05249CA25600C713AF /* RxCoreNFCTests.swift in Sources */,
			);
			runOnlyForDeploymentPostprocessing = 0;
		};
/* End PBXSourcesBuildPhase section */

/* Begin PBXTargetDependency section */
		E6BF06EE249C9D82007E84D3 /* PBXTargetDependency */ = {
			isa = PBXTargetDependency;
			target = E6BF06E1249C9D82007E84D3 /* RxCoreNFC */;
			targetProxy = E6BF06ED249C9D82007E84D3 /* PBXContainerItemProxy */;
		};
/* End PBXTargetDependency section */

/* Begin XCBuildConfiguration section */
		E6BF06F4249C9D82007E84D3 /* Debug */ = {
			isa = XCBuildConfiguration;
			buildSettings = {
				ALWAYS_SEARCH_USER_PATHS = NO;
				CLANG_ANALYZER_NONNULL = YES;
				CLANG_ANALYZER_NUMBER_OBJECT_CONVERSION = YES_AGGRESSIVE;
				CLANG_CXX_LANGUAGE_STANDARD = "gnu++14";
				CLANG_CXX_LIBRARY = "libc++";
				CLANG_ENABLE_MODULES = YES;
				CLANG_ENABLE_OBJC_ARC = YES;
				CLANG_ENABLE_OBJC_WEAK = YES;
				CLANG_WARN_BLOCK_CAPTURE_AUTORELEASING = YES;
				CLANG_WARN_BOOL_CONVERSION = YES;
				CLANG_WARN_COMMA = YES;
				CLANG_WARN_CONSTANT_CONVERSION = YES;
				CLANG_WARN_DEPRECATED_OBJC_IMPLEMENTATIONS = YES;
				CLANG_WARN_DIRECT_OBJC_ISA_USAGE = YES_ERROR;
				CLANG_WARN_DOCUMENTATION_COMMENTS = YES;
				CLANG_WARN_EMPTY_BODY = YES;
				CLANG_WARN_ENUM_CONVERSION = YES;
				CLANG_WARN_INFINITE_RECURSION = YES;
				CLANG_WARN_INT_CONVERSION = YES;
				CLANG_WARN_NON_LITERAL_NULL_CONVERSION = YES;
				CLANG_WARN_OBJC_IMPLICIT_RETAIN_SELF = YES;
				CLANG_WARN_OBJC_LITERAL_CONVERSION = YES;
				CLANG_WARN_OBJC_ROOT_CLASS = YES_ERROR;
				CLANG_WARN_RANGE_LOOP_ANALYSIS = YES;
				CLANG_WARN_STRICT_PROTOTYPES = YES;
				CLANG_WARN_SUSPICIOUS_MOVE = YES;
				CLANG_WARN_UNGUARDED_AVAILABILITY = YES_AGGRESSIVE;
				CLANG_WARN_UNREACHABLE_CODE = YES;
				CLANG_WARN__DUPLICATE_METHOD_MATCH = YES;
				COPY_PHASE_STRIP = NO;
				CURRENT_PROJECT_VERSION = 1;
				DEBUG_INFORMATION_FORMAT = dwarf;
				ENABLE_STRICT_OBJC_MSGSEND = YES;
				ENABLE_TESTABILITY = YES;
				GCC_C_LANGUAGE_STANDARD = gnu11;
				GCC_DYNAMIC_NO_PIC = NO;
				GCC_NO_COMMON_BLOCKS = YES;
				GCC_OPTIMIZATION_LEVEL = 0;
				GCC_PREPROCESSOR_DEFINITIONS = (
					"DEBUG=1",
					"$(inherited)",
				);
				GCC_WARN_64_TO_32_BIT_CONVERSION = YES;
				GCC_WARN_ABOUT_RETURN_TYPE = YES_ERROR;
				GCC_WARN_UNDECLARED_SELECTOR = YES;
				GCC_WARN_UNINITIALIZED_AUTOS = YES_AGGRESSIVE;
				GCC_WARN_UNUSED_FUNCTION = YES;
				GCC_WARN_UNUSED_VARIABLE = YES;
				IPHONEOS_DEPLOYMENT_TARGET = 11.0;
				MTL_ENABLE_DEBUG_INFO = INCLUDE_SOURCE;
				MTL_FAST_MATH = YES;
				ONLY_ACTIVE_ARCH = YES;
				SDKROOT = iphoneos;
				SWIFT_ACTIVE_COMPILATION_CONDITIONS = DEBUG;
				SWIFT_OPTIMIZATION_LEVEL = "-Onone";
				VERSIONING_SYSTEM = "apple-generic";
				VERSION_INFO_PREFIX = "";
			};
			name = Debug;
		};
		E6BF06F5249C9D82007E84D3 /* Release */ = {
			isa = XCBuildConfiguration;
			buildSettings = {
				ALWAYS_SEARCH_USER_PATHS = NO;
				CLANG_ANALYZER_NONNULL = YES;
				CLANG_ANALYZER_NUMBER_OBJECT_CONVERSION = YES_AGGRESSIVE;
				CLANG_CXX_LANGUAGE_STANDARD = "gnu++14";
				CLANG_CXX_LIBRARY = "libc++";
				CLANG_ENABLE_MODULES = YES;
				CLANG_ENABLE_OBJC_ARC = YES;
				CLANG_ENABLE_OBJC_WEAK = YES;
				CLANG_WARN_BLOCK_CAPTURE_AUTORELEASING = YES;
				CLANG_WARN_BOOL_CONVERSION = YES;
				CLANG_WARN_COMMA = YES;
				CLANG_WARN_CONSTANT_CONVERSION = YES;
				CLANG_WARN_DEPRECATED_OBJC_IMPLEMENTATIONS = YES;
				CLANG_WARN_DIRECT_OBJC_ISA_USAGE = YES_ERROR;
				CLANG_WARN_DOCUMENTATION_COMMENTS = YES;
				CLANG_WARN_EMPTY_BODY = YES;
				CLANG_WARN_ENUM_CONVERSION = YES;
				CLANG_WARN_INFINITE_RECURSION = YES;
				CLANG_WARN_INT_CONVERSION = YES;
				CLANG_WARN_NON_LITERAL_NULL_CONVERSION = YES;
				CLANG_WARN_OBJC_IMPLICIT_RETAIN_SELF = YES;
				CLANG_WARN_OBJC_LITERAL_CONVERSION = YES;
				CLANG_WARN_OBJC_ROOT_CLASS = YES_ERROR;
				CLANG_WARN_RANGE_LOOP_ANALYSIS = YES;
				CLANG_WARN_STRICT_PROTOTYPES = YES;
				CLANG_WARN_SUSPICIOUS_MOVE = YES;
				CLANG_WARN_UNGUARDED_AVAILABILITY = YES_AGGRESSIVE;
				CLANG_WARN_UNREACHABLE_CODE = YES;
				CLANG_WARN__DUPLICATE_METHOD_MATCH = YES;
				COPY_PHASE_STRIP = NO;
				CURRENT_PROJECT_VERSION = 1;
				DEBUG_INFORMATION_FORMAT = "dwarf-with-dsym";
				ENABLE_NS_ASSERTIONS = NO;
				ENABLE_STRICT_OBJC_MSGSEND = YES;
				GCC_C_LANGUAGE_STANDARD = gnu11;
				GCC_NO_COMMON_BLOCKS = YES;
				GCC_WARN_64_TO_32_BIT_CONVERSION = YES;
				GCC_WARN_ABOUT_RETURN_TYPE = YES_ERROR;
				GCC_WARN_UNDECLARED_SELECTOR = YES;
				GCC_WARN_UNINITIALIZED_AUTOS = YES_AGGRESSIVE;
				GCC_WARN_UNUSED_FUNCTION = YES;
				GCC_WARN_UNUSED_VARIABLE = YES;
				IPHONEOS_DEPLOYMENT_TARGET = 11.0;
				MTL_ENABLE_DEBUG_INFO = NO;
				MTL_FAST_MATH = YES;
				SDKROOT = iphoneos;
				SWIFT_COMPILATION_MODE = wholemodule;
				SWIFT_OPTIMIZATION_LEVEL = "-O";
				VALIDATE_PRODUCT = YES;
				VERSIONING_SYSTEM = "apple-generic";
				VERSION_INFO_PREFIX = "";
			};
			name = Release;
		};
		E6BF06F7249C9D82007E84D3 /* Debug */ = {
			isa = XCBuildConfiguration;
			buildSettings = {
				CLANG_ENABLE_MODULES = YES;
				CODE_SIGN_STYLE = Automatic;
				DEFINES_MODULE = YES;
				DEVELOPMENT_TEAM = "";
				DYLIB_COMPATIBILITY_VERSION = 1;
				DYLIB_CURRENT_VERSION = 1;
				DYLIB_INSTALL_NAME_BASE = "@rpath";
				FRAMEWORK_SEARCH_PATHS = (
					"$(inherited)",
					"$(PROJECT_DIR)/Carthage/Build/iOS",
				);
				INFOPLIST_FILE = Sources/Info.plist;
				INSTALL_PATH = "$(LOCAL_LIBRARY_DIR)/Frameworks";
				LD_RUNPATH_SEARCH_PATHS = (
					"$(inherited)",
					"@executable_path/Frameworks",
					"@loader_path/Frameworks",
				);
				MARKETING_VERSION = 0.2.3;
				PRODUCT_BUNDLE_IDENTIFIER = karibash.RxCoreNFC;
				PRODUCT_NAME = "$(TARGET_NAME:c99extidentifier)";
				SKIP_INSTALL = YES;
				SUPPORTS_MACCATALYST = NO;
				SWIFT_OPTIMIZATION_LEVEL = "-Onone";
				SWIFT_VERSION = 5.0;
				TARGETED_DEVICE_FAMILY = 1;
			};
			name = Debug;
		};
		E6BF06F8249C9D82007E84D3 /* Release */ = {
			isa = XCBuildConfiguration;
			buildSettings = {
				CLANG_ENABLE_MODULES = YES;
				CODE_SIGN_STYLE = Automatic;
				DEFINES_MODULE = YES;
				DEVELOPMENT_TEAM = "";
				DYLIB_COMPATIBILITY_VERSION = 1;
				DYLIB_CURRENT_VERSION = 1;
				DYLIB_INSTALL_NAME_BASE = "@rpath";
				FRAMEWORK_SEARCH_PATHS = (
					"$(inherited)",
					"$(PROJECT_DIR)/Carthage/Build/iOS",
				);
				INFOPLIST_FILE = Sources/Info.plist;
				INSTALL_PATH = "$(LOCAL_LIBRARY_DIR)/Frameworks";
				LD_RUNPATH_SEARCH_PATHS = (
					"$(inherited)",
					"@executable_path/Frameworks",
					"@loader_path/Frameworks",
				);
				MARKETING_VERSION = 0.2.3;
				PRODUCT_BUNDLE_IDENTIFIER = karibash.RxCoreNFC;
				PRODUCT_NAME = "$(TARGET_NAME:c99extidentifier)";
				SKIP_INSTALL = YES;
				SUPPORTS_MACCATALYST = NO;
				SWIFT_VERSION = 5.0;
				TARGETED_DEVICE_FAMILY = 1;
			};
			name = Release;
		};
		E6BF06FA249C9D82007E84D3 /* Debug */ = {
			isa = XCBuildConfiguration;
			buildSettings = {
				ALWAYS_EMBED_SWIFT_STANDARD_LIBRARIES = YES;
				CODE_SIGN_STYLE = Automatic;
				DEVELOPMENT_TEAM = N4496JK9RM;
				INFOPLIST_FILE = Tests/RxCoreNFCTests/Info.plist;
				LD_RUNPATH_SEARCH_PATHS = (
					"$(inherited)",
					"@executable_path/Frameworks",
					"@loader_path/Frameworks",
				);
				PRODUCT_BUNDLE_IDENTIFIER = karibash.RxCoreNFCTests;
				PRODUCT_NAME = "$(TARGET_NAME)";
				SWIFT_VERSION = 5.0;
				TARGETED_DEVICE_FAMILY = "1,2";
			};
			name = Debug;
		};
		E6BF06FB249C9D82007E84D3 /* Release */ = {
			isa = XCBuildConfiguration;
			buildSettings = {
				ALWAYS_EMBED_SWIFT_STANDARD_LIBRARIES = YES;
				CODE_SIGN_STYLE = Automatic;
				DEVELOPMENT_TEAM = N4496JK9RM;
				INFOPLIST_FILE = Tests/RxCoreNFCTests/Info.plist;
				LD_RUNPATH_SEARCH_PATHS = (
					"$(inherited)",
					"@executable_path/Frameworks",
					"@loader_path/Frameworks",
				);
				PRODUCT_BUNDLE_IDENTIFIER = karibash.RxCoreNFCTests;
				PRODUCT_NAME = "$(TARGET_NAME)";
				SWIFT_VERSION = 5.0;
				TARGETED_DEVICE_FAMILY = "1,2";
			};
			name = Release;
		};
/* End XCBuildConfiguration section */

/* Begin XCConfigurationList section */
		E6BF06DC249C9D82007E84D3 /* Build configuration list for PBXProject "RxCoreNFC" */ = {
			isa = XCConfigurationList;
			buildConfigurations = (
				E6BF06F4249C9D82007E84D3 /* Debug */,
				E6BF06F5249C9D82007E84D3 /* Release */,
			);
			defaultConfigurationIsVisible = 0;
			defaultConfigurationName = Release;
		};
		E6BF06F6249C9D82007E84D3 /* Build configuration list for PBXNativeTarget "RxCoreNFC" */ = {
			isa = XCConfigurationList;
			buildConfigurations = (
				E6BF06F7249C9D82007E84D3 /* Debug */,
				E6BF06F8249C9D82007E84D3 /* Release */,
			);
			defaultConfigurationIsVisible = 0;
			defaultConfigurationName = Release;
		};
		E6BF06F9249C9D82007E84D3 /* Build configuration list for PBXNativeTarget "RxCoreNFCTests" */ = {
			isa = XCConfigurationList;
			buildConfigurations = (
				E6BF06FA249C9D82007E84D3 /* Debug */,
				E6BF06FB249C9D82007E84D3 /* Release */,
			);
			defaultConfigurationIsVisible = 0;
			defaultConfigurationName = Release;
		};
/* End XCConfigurationList section */
	};
	rootObject = E6BF06D9249C9D82007E84D3 /* Project object */;
}
